// !$*UTF8*$!
{
	archiveVersion = 1;
	classes = {
	};
	objectVersion = 46;
	objects = {

/* Begin PBXBuildFile section */
		FD6517A61DAE698400182F83 /* AppDelegate.swift in Sources */ = {isa = PBXBuildFile; fileRef = FD6517A51DAE698400182F83 /* AppDelegate.swift */; };
		FD6517A81DAE698400182F83 /* MainController.swift in Sources */ = {isa = PBXBuildFile; fileRef = FD6517A71DAE698400182F83 /* MainController.swift */; };
		FD6517AB1DAE698400182F83 /* Main.storyboard in Resources */ = {isa = PBXBuildFile; fileRef = FD6517A91DAE698400182F83 /* Main.storyboard */; };
		FD6517AD1DAE698400182F83 /* Assets.xcassets in Resources */ = {isa = PBXBuildFile; fileRef = FD6517AC1DAE698400182F83 /* Assets.xcassets */; };
		FD6517B01DAE698400182F83 /* LaunchScreen.storyboard in Resources */ = {isa = PBXBuildFile; fileRef = FD6517AE1DAE698400182F83 /* LaunchScreen.storyboard */; };
		FD6517BB1DAE698400182F83 /* __Tests.swift in Sources */ = {isa = PBXBuildFile; fileRef = FD6517BA1DAE698400182F83 /* __Tests.swift */; };
		FD6517C61DAE698400182F83 /* __UITests.swift in Sources */ = {isa = PBXBuildFile; fileRef = FD6517C51DAE698400182F83 /* __UITests.swift */; };
		FD6517D41DAE6D1300182F83 /* DetailController.swift in Sources */ = {isa = PBXBuildFile; fileRef = FD6517D31DAE6D1300182F83 /* DetailController.swift */; };
/* End PBXBuildFile section */

/* Begin PBXContainerItemProxy section */
		FD6517B71DAE698400182F83 /* PBXContainerItemProxy */ = {
			isa = PBXContainerItemProxy;
			containerPortal = FD65179A1DAE698400182F83 /* Project object */;
			proxyType = 1;
			remoteGlobalIDString = FD6517A11DAE698400182F83;
			remoteInfo = 2.;
		};
		FD6517C21DAE698400182F83 /* PBXContainerItemProxy */ = {
			isa = PBXContainerItemProxy;
			containerPortal = FD65179A1DAE698400182F83 /* Project object */;
			proxyType = 1;
			remoteGlobalIDString = FD6517A11DAE698400182F83;
			remoteInfo = 2.;
		};
/* End PBXContainerItemProxy section */

/* Begin PBXFileReference section */
		FD6517A21DAE698400182F83 /* 2..app */ = {isa = PBXFileReference; explicitFileType = wrapper.application; includeInIndex = 0; path = 2..app; sourceTree = BUILT_PRODUCTS_DIR; };
		FD6517A51DAE698400182F83 /* AppDelegate.swift */ = {isa = PBXFileReference; lastKnownFileType = sourcecode.swift; path = AppDelegate.swift; sourceTree = "<group>"; };
		FD6517A71DAE698400182F83 /* MainController.swift */ = {isa = PBXFileReference; lastKnownFileType = sourcecode.swift; path = MainController.swift; sourceTree = "<group>"; };
		FD6517AA1DAE698400182F83 /* Base */ = {isa = PBXFileReference; lastKnownFileType = file.storyboard; name = Base; path = Base.lproj/Main.storyboard; sourceTree = "<group>"; };
		FD6517AC1DAE698400182F83 /* Assets.xcassets */ = {isa = PBXFileReference; lastKnownFileType = folder.assetcatalog; path = Assets.xcassets; sourceTree = "<group>"; };
		FD6517AF1DAE698400182F83 /* Base */ = {isa = PBXFileReference; lastKnownFileType = file.storyboard; name = Base; path = Base.lproj/LaunchScreen.storyboard; sourceTree = "<group>"; };
		FD6517B11DAE698400182F83 /* Info.plist */ = {isa = PBXFileReference; lastKnownFileType = text.plist.xml; path = Info.plist; sourceTree = "<group>"; };
		FD6517B61DAE698400182F83 /* 2.Tests.xctest */ = {isa = PBXFileReference; explicitFileType = wrapper.cfbundle; includeInIndex = 0; path = 2.Tests.xctest; sourceTree = BUILT_PRODUCTS_DIR; };
		FD6517BA1DAE698400182F83 /* __Tests.swift */ = {isa = PBXFileReference; lastKnownFileType = sourcecode.swift; path = __Tests.swift; sourceTree = "<group>"; };
		FD6517BC1DAE698400182F83 /* Info.plist */ = {isa = PBXFileReference; lastKnownFileType = text.plist.xml; path = Info.plist; sourceTree = "<group>"; };
		FD6517C11DAE698400182F83 /* 2.UITests.xctest */ = {isa = PBXFileReference; explicitFileType = wrapper.cfbundle; includeInIndex = 0; path = 2.UITests.xctest; sourceTree = BUILT_PRODUCTS_DIR; };
		FD6517C51DAE698400182F83 /* __UITests.swift */ = {isa = PBXFileReference; lastKnownFileType = sourcecode.swift; path = __UITests.swift; sourceTree = "<group>"; };
		FD6517C71DAE698400182F83 /* Info.plist */ = {isa = PBXFileReference; lastKnownFileType = text.plist.xml; path = Info.plist; sourceTree = "<group>"; };
		FD6517D31DAE6D1300182F83 /* DetailController.swift */ = {isa = PBXFileReference; fileEncoding = 4; lastKnownFileType = sourcecode.swift; path = DetailController.swift; sourceTree = "<group>"; };
/* End PBXFileReference section */

/* Begin PBXFrameworksBuildPhase section */
		FD65179F1DAE698400182F83 /* Frameworks */ = {
			isa = PBXFrameworksBuildPhase;
			buildActionMask = 2147483647;
			files = (
			);
			runOnlyForDeploymentPostprocessing = 0;
		};
		FD6517B31DAE698400182F83 /* Frameworks */ = {
			isa = PBXFrameworksBuildPhase;
			buildActionMask = 2147483647;
			files = (
			);
			runOnlyForDeploymentPostprocessing = 0;
		};
		FD6517BE1DAE698400182F83 /* Frameworks */ = {
			isa = PBXFrameworksBuildPhase;
			buildActionMask = 2147483647;
			files = (
			);
			runOnlyForDeploymentPostprocessing = 0;
		};
/* End PBXFrameworksBuildPhase section */

/* Begin PBXGroup section */
		FD6517991DAE698400182F83 = {
			isa = PBXGroup;
			children = (
				FD6517A41DAE698400182F83 /* 2. */,
				FD6517B91DAE698400182F83 /* 2.Tests */,
				FD6517C41DAE698400182F83 /* 2.UITests */,
				FD6517A31DAE698400182F83 /* Products */,
			);
			sourceTree = "<group>";
		};
		FD6517A31DAE698400182F83 /* Products */ = {
			isa = PBXGroup;
			children = (
				FD6517A21DAE698400182F83 /* 2..app */,
				FD6517B61DAE698400182F83 /* 2.Tests.xctest */,
				FD6517C11DAE698400182F83 /* 2.UITests.xctest */,
			);
			name = Products;
			sourceTree = "<group>";
		};
		FD6517A41DAE698400182F83 /* 2. */ = {
			isa = PBXGroup;
			children = (
				FD6517A51DAE698400182F83 /* AppDelegate.swift */,
				FD6517A71DAE698400182F83 /* MainController.swift */,
				FD6517D31DAE6D1300182F83 /* DetailController.swift */,
				FD6517A91DAE698400182F83 /* Main.storyboard */,
				FD6517AC1DAE698400182F83 /* Assets.xcassets */,
				FD6517AE1DAE698400182F83 /* LaunchScreen.storyboard */,
				FD6517B11DAE698400182F83 /* Info.plist */,
			);
			path = 2.;
			sourceTree = "<group>";
		};
		FD6517B91DAE698400182F83 /* 2.Tests */ = {
			isa = PBXGroup;
			children = (
				FD6517BA1DAE698400182F83 /* __Tests.swift */,
				FD6517BC1DAE698400182F83 /* Info.plist */,
			);
			path = 2.Tests;
			sourceTree = "<group>";
		};
		FD6517C41DAE698400182F83 /* 2.UITests */ = {
			isa = PBXGroup;
			children = (
				FD6517C51DAE698400182F83 /* __UITests.swift */,
				FD6517C71DAE698400182F83 /* Info.plist */,
			);
			path = 2.UITests;
			sourceTree = "<group>";
		};
/* End PBXGroup section */

/* Begin PBXNativeTarget section */
		FD6517A11DAE698400182F83 /* 2. */ = {
			isa = PBXNativeTarget;
			buildConfigurationList = FD6517CA1DAE698400182F83 /* Build configuration list for PBXNativeTarget "2." */;
			buildPhases = (
				FD65179E1DAE698400182F83 /* Sources */,
				FD65179F1DAE698400182F83 /* Frameworks */,
				FD6517A01DAE698400182F83 /* Resources */,
			);
			buildRules = (
			);
			dependencies = (
			);
			name = 2.;
			productName = 2.;
			productReference = FD6517A21DAE698400182F83 /* 2..app */;
			productType = "com.apple.product-type.application";
		};
		FD6517B51DAE698400182F83 /* 2.Tests */ = {
			isa = PBXNativeTarget;
			buildConfigurationList = FD6517CD1DAE698400182F83 /* Build configuration list for PBXNativeTarget "2.Tests" */;
			buildPhases = (
				FD6517B21DAE698400182F83 /* Sources */,
				FD6517B31DAE698400182F83 /* Frameworks */,
				FD6517B41DAE698400182F83 /* Resources */,
			);
			buildRules = (
			);
			dependencies = (
				FD6517B81DAE698400182F83 /* PBXTargetDependency */,
			);
			name = 2.Tests;
			productName = 2.Tests;
			productReference = FD6517B61DAE698400182F83 /* 2.Tests.xctest */;
			productType = "com.apple.product-type.bundle.unit-test";
		};
		FD6517C01DAE698400182F83 /* 2.UITests */ = {
			isa = PBXNativeTarget;
			buildConfigurationList = FD6517D01DAE698400182F83 /* Build configuration list for PBXNativeTarget "2.UITests" */;
			buildPhases = (
				FD6517BD1DAE698400182F83 /* Sources */,
				FD6517BE1DAE698400182F83 /* Frameworks */,
				FD6517BF1DAE698400182F83 /* Resources */,
			);
			buildRules = (
			);
			dependencies = (
				FD6517C31DAE698400182F83 /* PBXTargetDependency */,
			);
			name = 2.UITests;
			productName = 2.UITests;
			productReference = FD6517C11DAE698400182F83 /* 2.UITests.xctest */;
			productType = "com.apple.product-type.bundle.ui-testing";
		};
/* End PBXNativeTarget section */

/* Begin PBXProject section */
		FD65179A1DAE698400182F83 /* Project object */ = {
			isa = PBXProject;
			attributes = {
				LastSwiftUpdateCheck = 0800;
				LastUpgradeCheck = 0800;
				ORGANIZATIONNAME = "Hanh Vo";
				TargetAttributes = {
					FD6517A11DAE698400182F83 = {
						CreatedOnToolsVersion = 8.0;
						ProvisioningStyle = Automatic;
					};
					FD6517B51DAE698400182F83 = {
						CreatedOnToolsVersion = 8.0;
						ProvisioningStyle = Automatic;
						TestTargetID = FD6517A11DAE698400182F83;
					};
					FD6517C01DAE698400182F83 = {
						CreatedOnToolsVersion = 8.0;
						ProvisioningStyle = Automatic;
						TestTargetID = FD6517A11DAE698400182F83;
					};
				};
			};
			buildConfigurationList = FD65179D1DAE698400182F83 /* Build configuration list for PBXProject "2." */;
			compatibilityVersion = "Xcode 3.2";
			developmentRegion = English;
			hasScannedForEncodings = 0;
			knownRegions = (
				en,
				Base,
			);
			mainGroup = FD6517991DAE698400182F83;
			productRefGroup = FD6517A31DAE698400182F83 /* Products */;
			projectDirPath = "";
			projectRoot = "";
			targets = (
				FD6517A11DAE698400182F83 /* 2. */,
				FD6517B51DAE698400182F83 /* 2.Tests */,
				FD6517C01DAE698400182F83 /* 2.UITests */,
			);
		};
/* End PBXProject section */

/* Begin PBXResourcesBuildPhase section */
		FD6517A01DAE698400182F83 /* Resources */ = {
			isa = PBXResourcesBuildPhase;
			buildActionMask = 2147483647;
			files = (
				FD6517B01DAE698400182F83 /* LaunchScreen.storyboard in Resources */,
				FD6517AD1DAE698400182F83 /* Assets.xcassets in Resources */,
				FD6517AB1DAE698400182F83 /* Main.storyboard in Resources */,
			);
			runOnlyForDeploymentPostprocessing = 0;
		};
		FD6517B41DAE698400182F83 /* Resources */ = {
			isa = PBXResourcesBuildPhase;
			buildActionMask = 2147483647;
			files = (
			);
			runOnlyForDeploymentPostprocessing = 0;
		};
		FD6517BF1DAE698400182F83 /* Resources */ = {
			isa = PBXResourcesBuildPhase;
			buildActionMask = 2147483647;
			files = (
			);
			runOnlyForDeploymentPostprocessing = 0;
		};
/* End PBXResourcesBuildPhase section */

/* Begin PBXSourcesBuildPhase section */
		FD65179E1DAE698400182F83 /* Sources */ = {
			isa = PBXSourcesBuildPhase;
			buildActionMask = 2147483647;
			files = (
				FD6517A81DAE698400182F83 /* MainController.swift in Sources */,
				FD6517D41DAE6D1300182F83 /* DetailController.swift in Sources */,
				FD6517A61DAE698400182F83 /* AppDelegate.swift in Sources */,
			);
			runOnlyForDeploymentPostprocessing = 0;
		};
		FD6517B21DAE698400182F83 /* Sources */ = {
			isa = PBXSourcesBuildPhase;
			buildActionMask = 2147483647;
			files = (
				FD6517BB1DAE698400182F83 /* __Tests.swift in Sources */,
			);
			runOnlyForDeploymentPostprocessing = 0;
		};
		FD6517BD1DAE698400182F83 /* Sources */ = {
			isa = PBXSourcesBuildPhase;
			buildActionMask = 2147483647;
			files = (
				FD6517C61DAE698400182F83 /* __UITests.swift in Sources */,
			);
			runOnlyForDeploymentPostprocessing = 0;
		};
/* End PBXSourcesBuildPhase section */

/* Begin PBXTargetDependency section */
		FD6517B81DAE698400182F83 /* PBXTargetDependency */ = {
			isa = PBXTargetDependency;
			target = FD6517A11DAE698400182F83 /* 2. */;
			targetProxy = FD6517B71DAE698400182F83 /* PBXContainerItemProxy */;
		};
		FD6517C31DAE698400182F83 /* PBXTargetDependency */ = {
			isa = PBXTargetDependency;
			target = FD6517A11DAE698400182F83 /* 2. */;
			targetProxy = FD6517C21DAE698400182F83 /* PBXContainerItemProxy */;
		};
/* End PBXTargetDependency section */

/* Begin PBXVariantGroup section */
		FD6517A91DAE698400182F83 /* Main.storyboard */ = {
			isa = PBXVariantGroup;
			children = (
				FD6517AA1DAE698400182F83 /* Base */,
			);
			name = Main.storyboard;
			sourceTree = "<group>";
		};
		FD6517AE1DAE698400182F83 /* LaunchScreen.storyboard */ = {
			isa = PBXVariantGroup;
			children = (
				FD6517AF1DAE698400182F83 /* Base */,
			);
			name = LaunchScreen.storyboard;
			sourceTree = "<group>";
		};
/* End PBXVariantGroup section */

/* Begin XCBuildConfiguration section */
		FD6517C81DAE698400182F83 /* Debug */ = {
			isa = XCBuildConfiguration;
			buildSettings = {
				ALWAYS_SEARCH_USER_PATHS = NO;
				CLANG_ANALYZER_NONNULL = YES;
				CLANG_CXX_LANGUAGE_STANDARD = "gnu++0x";
				CLANG_CXX_LIBRARY = "libc++";
				CLANG_ENABLE_MODULES = YES;
				CLANG_ENABLE_OBJC_ARC = YES;
				CLANG_WARN_BOOL_CONVERSION = YES;
				CLANG_WARN_CONSTANT_CONVERSION = YES;
				CLANG_WARN_DIRECT_OBJC_ISA_USAGE = YES_ERROR;
				CLANG_WARN_DOCUMENTATION_COMMENTS = YES;
				CLANG_WARN_EMPTY_BODY = YES;
				CLANG_WARN_ENUM_CONVERSION = YES;
				CLANG_WARN_INFINITE_RECURSION = YES;
				CLANG_WARN_INT_CONVERSION = YES;
				CLANG_WARN_OBJC_ROOT_CLASS = YES_ERROR;
				CLANG_WARN_SUSPICIOUS_MOVES = YES;
				CLANG_WARN_UNREACHABLE_CODE = YES;
				CLANG_WARN__DUPLICATE_METHOD_MATCH = YES;
				"CODE_SIGN_IDENTITY[sdk=iphoneos*]" = "iPhone Developer";
				COPY_PHASE_STRIP = NO;
				DEBUG_INFORMATION_FORMAT = dwarf;
				ENABLE_STRICT_OBJC_MSGSEND = YES;
				ENABLE_TESTABILITY = YES;
				GCC_C_LANGUAGE_STANDARD = gnu99;
				GCC_DYNAMIC_NO_PIC = NO;
				GCC_NO_COMMON_BLOCKS = YES;
				GCC_OPTIMIZATION_LEVEL = 0;
				GCC_PREPROCESSOR_DEFINITIONS = (
					"DEBUG=1",
					"$(inherited)",
				);
				GCC_WARN_64_TO_32_BIT_CONVERSION = YES;
				GCC_WARN_ABOUT_RETURN_TYPE = YES_ERROR;
				GCC_WARN_UNDECLARED_SELECTOR = YES;
				GCC_WARN_UNINITIALIZED_AUTOS = YES_AGGRESSIVE;
				GCC_WARN_UNUSED_FUNCTION = YES;
				GCC_WARN_UNUSED_VARIABLE = YES;
				IPHONEOS_DEPLOYMENT_TARGET = 10.0;
				MTL_ENABLE_DEBUG_INFO = YES;
				ONLY_ACTIVE_ARCH = YES;
				SDKROOT = iphoneos;
				SWIFT_ACTIVE_COMPILATION_CONDITIONS = DEBUG;
				SWIFT_OPTIMIZATION_LEVEL = "-Onone";
				TARGETED_DEVICE_FAMILY = "1,2";
			};
			name = Debug;
		};
		FD6517C91DAE698400182F83 /* Release */ = {
			isa = XCBuildConfiguration;
			buildSettings = {
				ALWAYS_SEARCH_USER_PATHS = NO;
				CLANG_ANALYZER_NONNULL = YES;
				CLANG_CXX_LANGUAGE_STANDARD = "gnu++0x";
				CLANG_CXX_LIBRARY = "libc++";
				CLANG_ENABLE_MODULES = YES;
				CLANG_ENABLE_OBJC_ARC = YES;
				CLANG_WARN_BOOL_CONVERSION = YES;
				CLANG_WARN_CONSTANT_CONVERSION = YES;
				CLANG_WARN_DIRECT_OBJC_ISA_USAGE = YES_ERROR;
				CLANG_WARN_DOCUMENTATION_COMMENTS = YES;
				CLANG_WARN_EMPTY_BODY = YES;
				CLANG_WARN_ENUM_CONVERSION = YES;
				CLANG_WARN_INFINITE_RECURSION = YES;
				CLANG_WARN_INT_CONVERSION = YES;
				CLANG_WARN_OBJC_ROOT_CLASS = YES_ERROR;
				CLANG_WARN_SUSPICIOUS_MOVES = YES;
				CLANG_WARN_UNREACHABLE_CODE = YES;
				CLANG_WARN__DUPLICATE_METHOD_MATCH = YES;
				"CODE_SIGN_IDENTITY[sdk=iphoneos*]" = "iPhone Developer";
				COPY_PHASE_STRIP = NO;
				DEBUG_INFORMATION_FORMAT = "dwarf-with-dsym";
				ENABLE_NS_ASSERTIONS = NO;
				ENABLE_STRICT_OBJC_MSGSEND = YES;
				GCC_C_LANGUAGE_STANDARD = gnu99;
				GCC_NO_COMMON_BLOCKS = YES;
				GCC_WARN_64_TO_32_BIT_CONVERSION = YES;
				GCC_WARN_ABOUT_RETURN_TYPE = YES_ERROR;
				GCC_WARN_UNDECLARED_SELECTOR = YES;
				GCC_WARN_UNINITIALIZED_AUTOS = YES_AGGRESSIVE;
				GCC_WARN_UNUSED_FUNCTION = YES;
				GCC_WARN_UNUSED_VARIABLE = YES;
				IPHONEOS_DEPLOYMENT_TARGET = 10.0;
				MTL_ENABLE_DEBUG_INFO = NO;
				SDKROOT = iphoneos;
				SWIFT_OPTIMIZATION_LEVEL = "-Owholemodule";
				TARGETED_DEVICE_FAMILY = "1,2";
				VALIDATE_PRODUCT = YES;
			};
			name = Release;
		};
		FD6517CB1DAE698400182F83 /* Debug */ = {
			isa = XCBuildConfiguration;
			buildSettings = {
				ASSETCATALOG_COMPILER_APPICON_NAME = AppIcon;
				INFOPLIST_FILE = 2./Info.plist;
				LD_RUNPATH_SEARCH_PATHS = "$(inherited) @executable_path/Frameworks";
				PRODUCT_BUNDLE_IDENTIFIER = "artino.--";
				PRODUCT_NAME = "$(TARGET_NAME)";
				SWIFT_VERSION = 3.0;
			};
			name = Debug;
		};
		FD6517CC1DAE698400182F83 /* Release */ = {
			isa = XCBuildConfiguration;
			buildSettings = {
				ASSETCATALOG_COMPILER_APPICON_NAME = AppIcon;
				INFOPLIST_FILE = 2./Info.plist;
				LD_RUNPATH_SEARCH_PATHS = "$(inherited) @executable_path/Frameworks";
				PRODUCT_BUNDLE_IDENTIFIER = "artino.--";
				PRODUCT_NAME = "$(TARGET_NAME)";
				SWIFT_VERSION = 3.0;
			};
			name = Release;
		};
		FD6517CE1DAE698400182F83 /* Debug */ = {
			isa = XCBuildConfiguration;
			buildSettings = {
				ALWAYS_EMBED_SWIFT_STANDARD_LIBRARIES = YES;
				BUNDLE_LOADER = "$(TEST_HOST)";
				INFOPLIST_FILE = 2.Tests/Info.plist;
				LD_RUNPATH_SEARCH_PATHS = "$(inherited) @executable_path/Frameworks @loader_path/Frameworks";
				PRODUCT_BUNDLE_IDENTIFIER = "artino.--Tests";
				PRODUCT_NAME = "$(TARGET_NAME)";
				SWIFT_VERSION = 3.0;
				TEST_HOST = "$(BUILT_PRODUCTS_DIR)/2..app/2.";
			};
			name = Debug;
		};
		FD6517CF1DAE698400182F83 /* Release */ = {
			isa = XCBuildConfiguration;
			buildSettings = {
				ALWAYS_EMBED_SWIFT_STANDARD_LIBRARIES = YES;
				BUNDLE_LOADER = "$(TEST_HOST)";
				INFOPLIST_FILE = 2.Tests/Info.plist;
				LD_RUNPATH_SEARCH_PATHS = "$(inherited) @executable_path/Frameworks @loader_path/Frameworks";
				PRODUCT_BUNDLE_IDENTIFIER = "artino.--Tests";
				PRODUCT_NAME = "$(TARGET_NAME)";
				SWIFT_VERSION = 3.0;
				TEST_HOST = "$(BUILT_PRODUCTS_DIR)/2..app/2.";
			};
			name = Release;
		};
		FD6517D11DAE698400182F83 /* Debug */ = {
			isa = XCBuildConfiguration;
			buildSettings = {
				ALWAYS_EMBED_SWIFT_STANDARD_LIBRARIES = YES;
				INFOPLIST_FILE = 2.UITests/Info.plist;
				LD_RUNPATH_SEARCH_PATHS = "$(inherited) @executable_path/Frameworks @loader_path/Frameworks";
				PRODUCT_BUNDLE_IDENTIFIER = "artino.--UITests";
				PRODUCT_NAME = "$(TARGET_NAME)";
				SWIFT_VERSION = 3.0;
				TEST_TARGET_NAME = 2.;
			};
			name = Debug;
		};
		FD6517D21DAE698400182F83 /* Release */ = {
			isa = XCBuildConfiguration;
			buildSettings = {
				ALWAYS_EMBED_SWIFT_STANDARD_LIBRARIES = YES;
				INFOPLIST_FILE = 2.UITests/Info.plist;
				LD_RUNPATH_SEARCH_PATHS = "$(inherited) @executable_path/Frameworks @loader_path/Frameworks";
				PRODUCT_BUNDLE_IDENTIFIER = "artino.--UITests";
				PRODUCT_NAME = "$(TARGET_NAME)";
				SWIFT_VERSION = 3.0;
				TEST_TARGET_NAME = 2.;
			};
			name = Release;
		};
/* End XCBuildConfiguration section */

/* Begin XCConfigurationList section */
		FD65179D1DAE698400182F83 /* Build configuration list for PBXProject "2." */ = {
			isa = XCConfigurationList;
			buildConfigurations = (
				FD6517C81DAE698400182F83 /* Debug */,
				FD6517C91DAE698400182F83 /* Release */,
			);
			defaultConfigurationIsVisible = 0;
			defaultConfigurationName = Release;
		};
		FD6517CA1DAE698400182F83 /* Build configuration list for PBXNativeTarget "2." */ = {
			isa = XCConfigurationList;
			buildConfigurations = (
				FD6517CB1DAE698400182F83 /* Debug */,
				FD6517CC1DAE698400182F83 /* Release */,
			);
			defaultConfigurationIsVisible = 0;
			defaultConfigurationName = Release;
		};
		FD6517CD1DAE698400182F83 /* Build configuration list for PBXNativeTarget "2.Tests" */ = {
			isa = XCConfigurationList;
			buildConfigurations = (
				FD6517CE1DAE698400182F83 /* Debug */,
				FD6517CF1DAE698400182F83 /* Release */,
			);
			defaultConfigurationIsVisible = 0;
			defaultConfigurationName = Release;
		};
		FD6517D01DAE698400182F83 /* Build configuration list for PBXNativeTarget "2.UITests" */ = {
			isa = XCConfigurationList;
			buildConfigurations = (
				FD6517D11DAE698400182F83 /* Debug */,
				FD6517D21DAE698400182F83 /* Release */,
			);
			defaultConfigurationIsVisible = 0;
			defaultConfigurationName = Release;
		};
/* End XCConfigurationList section */
	};
	rootObject = FD65179A1DAE698400182F83 /* Project object */;
}
